
Microsoft Visual Studio Solution File, Format Version 12.00
# Visual Studio Version 17
VisualStudioVersion = 17.7.34024.191
MinimumVisualStudioVersion = 10.0.40219.1
Project("{8BC9CEB8-8B4A-11D0-8D11-00A0C91BC942}") = "MfcStart", "MfcStart\MfcStart.vcxproj", "{BF0C24AE-BC5E-420E-BEC3-4DE3F8FAC706}"
EndProject
Project("{8BC9CEB8-8B4A-11D0-8D11-00A0C91BC942}") = "MFCStart_Calculator_2", "MFCStart_Calculator_2\MFCStart_Calculator_2.vcxproj", "{E3422419-D594-4DF2-BDA5-BE8823A58D55}"
EndProject
Project("{8BC9CEB8-8B4A-11D0-8D11-00A0C91BC942}") = "MfcStart_CImage", "MfcStart_CImage\MfcStart_CImage.vcxproj", "{3700B5F4-57CE-4DF1-993E-0720EE9ADCA0}"
EndProject
Project("{8BC9CEB8-8B4A-11D0-8D11-00A0C91BC942}") = "MfcStart_BitmapBtn", "MfcStart_BitmapBtn\MfcStart_BitmapBtn.vcxproj", "{4A7FE681-B9F5-4216-9254-69AE945C9260}"
EndProject
Project("{8BC9CEB8-8B4A-11D0-8D11-00A0C91BC942}") = "MfcStart_Dlg", "MfcStart_Dlg\MfcStart_Dlg.vcxproj", "{D5485894-B6B9-44B4-AE78-8A6569682F62}"
EndProject
Global
	GlobalSection(SolutionConfigurationPlatforms) = preSolution
		Debug|x64 = Debug|x64
		Debug|x86 = Debug|x86
		Release|x64 = Release|x64
		Release|x86 = Release|x86
	EndGlobalSection
	GlobalSection(ProjectConfigurationPlatforms) = postSolution
		{BF0C24AE-BC5E-420E-BEC3-4DE3F8FAC706}.Debug|x64.ActiveCfg = Debug|x64
		{BF0C24AE-BC5E-420E-BEC3-4DE3F8FAC706}.Debug|x64.Build.0 = Debug|x64
		{BF0C24AE-BC5E-420E-BEC3-4DE3F8FAC706}.Debug|x86.ActiveCfg = Debug|Win32
		{BF0C24AE-BC5E-420E-BEC3-4DE3F8FAC706}.Debug|x86.Build.0 = Debug|Win32
		{BF0C24AE-BC5E-420E-BEC3-4DE3F8FAC706}.Release|x64.ActiveCfg = Release|x64
		{BF0C24AE-BC5E-420E-BEC3-4DE3F8FAC706}.Release|x64.Build.0 = Release|x64
		{BF0C24AE-BC5E-420E-BEC3-4DE3F8FAC706}.Release|x86.ActiveCfg = Release|Win32
		{BF0C24AE-BC5E-420E-BEC3-4DE3F8FAC706}.Release|x86.Build.0 = Release|Win32
		{E3422419-D594-4DF2-BDA5-BE8823A58D55}.Debug|x64.ActiveCfg = Debug|x64
		{E3422419-D594-4DF2-BDA5-BE8823A58D55}.Debug|x64.Build.0 = Debug|x64
		{E3422419-D594-4DF2-BDA5-BE8823A58D55}.Debug|x86.ActiveCfg = Debug|Win32
		{E3422419-D594-4DF2-BDA5-BE8823A58D55}.Debug|x86.Build.0 = Debug|Win32
		{E3422419-D594-4DF2-BDA5-BE8823A58D55}.Release|x64.ActiveCfg = Release|x64
		{E3422419-D594-4DF2-BDA5-BE8823A58D55}.Release|x64.Build.0 = Release|x64
		{E3422419-D594-4DF2-BDA5-BE8823A58D55}.Release|x86.ActiveCfg = Release|Win32
		{E3422419-D594-4DF2-BDA5-BE8823A58D55}.Release|x86.Build.0 = Release|Win32
		{3700B5F4-57CE-4DF1-993E-0720EE9ADCA0}.Debug|x64.ActiveCfg = Debug|x64
		{3700B5F4-57CE-4DF1-993E-0720EE9ADCA0}.Debug|x64.Build.0 = Debug|x64
		{3700B5F4-57CE-4DF1-993E-0720EE9ADCA0}.Debug|x86.ActiveCfg = Debug|Win32
		{3700B5F4-57CE-4DF1-993E-0720EE9ADCA0}.Debug|x86.Build.0 = Debug|Win32
		{3700B5F4-57CE-4DF1-993E-0720EE9ADCA0}.Release|x64.ActiveCfg = Release|x64
		{3700B5F4-57CE-4DF1-993E-0720EE9ADCA0}.Release|x64.Build.0 = Release|x64
		{3700B5F4-57CE-4DF1-993E-0720EE9ADCA0}.Release|x86.ActiveCfg = Release|Win32
		{3700B5F4-57CE-4DF1-993E-0720EE9ADCA0}.Release|x86.Build.0 = Release|Win32
		{4A7FE681-B9F5-4216-9254-69AE945C9260}.Debug|x64.ActiveCfg = Debug|x64
		{4A7FE681-B9F5-4216-9254-69AE945C9260}.Debug|x64.Build.0 = Debug|x64
		{4A7FE681-B9F5-4216-9254-69AE945C9260}.Debug|x86.ActiveCfg = Debug|Win32
		{4A7FE681-B9F5-4216-9254-69AE945C9260}.Debug|x86.Build.0 = Debug|Win32
		{4A7FE681-B9F5-4216-9254-69AE945C9260}.Release|x64.ActiveCfg = Release|x64
		{4A7FE681-B9F5-4216-9254-69AE945C9260}.Release|x64.Build.0 = Release|x64
		{4A7FE681-B9F5-4216-9254-69AE945C9260}.Release|x86.ActiveCfg = Release|Win32
		{4A7FE681-B9F5-4216-9254-69AE945C9260}.Release|x86.Build.0 = Release|Win32
		{D5485894-B6B9-44B4-AE78-8A6569682F62}.Debug|x64.ActiveCfg = Debug|x64
		{D5485894-B6B9-44B4-AE78-8A6569682F62}.Debug|x64.Build.0 = Debug|x64
		{D5485894-B6B9-44B4-AE78-8A6569682F62}.Debug|x86.ActiveCfg = Debug|Win32
		{D5485894-B6B9-44B4-AE78-8A6569682F62}.Debug|x86.Build.0 = Debug|Win32
		{D5485894-B6B9-44B4-AE78-8A6569682F62}.Release|x64.ActiveCfg = Release|x64
		{D5485894-B6B9-44B4-AE78-8A6569682F62}.Release|x64.Build.0 = Release|x64
		{D5485894-B6B9-44B4-AE78-8A6569682F62}.Release|x86.ActiveCfg = Release|Win32
		{D5485894-B6B9-44B4-AE78-8A6569682F62}.Release|x86.Build.0 = Release|Win32
	EndGlobalSection
	GlobalSection(SolutionProperties) = preSolution
		HideSolutionNode = FALSE
	EndGlobalSection
	GlobalSection(ExtensibilityGlobals) = postSolution
		SolutionGuid = {7B763AD5-017E-4583-BED3-639527CDAE3A}
	EndGlobalSection
EndGlobal
